
Microsoft Visual Studio Solution File, Format Version 12.00
# Visual Studio 15
VisualStudioVersion = 15.0.26430.13
MinimumVisualStudioVersion = 10.0.40219.1
Project("{FAE04EC0-301F-11D3-BF4B-00C04F79EFBC}") = "BlueBit.ILF.OutlookAddIn", "BlueBit.ILF.OutlookAddIn\BlueBit.ILF.OutlookAddIn.csproj", "{56C71EEC-0E9D-4986-A4BF-74726EC1181A}"
EndProject
Project("{54435603-DBB4-11D2-8724-00A0C9A8B90C}") = "BlueBit.ILF.OutlookAddIn.Setup", "BlueBit.ILF.OutlookAddIn.Setup\BlueBit.ILF.OutlookAddIn.Setup.vdproj", "{A6EB1870-E0C5-4DA0-B55E-E0499F41129C}"
EndProject
Global
	GlobalSection(SolutionConfigurationPlatforms) = preSolution
		Debug|Any CPU = Debug|Any CPU
		Release|Any CPU = Release|Any CPU
	EndGlobalSection
	GlobalSection(ProjectConfigurationPlatforms) = postSolution
		{56C71EEC-0E9D-4986-A4BF-74726EC1181A}.Debug|Any CPU.ActiveCfg = Debug|Any CPU
		{56C71EEC-0E9D-4986-A4BF-74726EC1181A}.Debug|Any CPU.Build.0 = Debug|Any CPU
		{56C71EEC-0E9D-4986-A4BF-74726EC1181A}.Release|Any CPU.ActiveCfg = Release|Any CPU
		{56C71EEC-0E9D-4986-A4BF-74726EC1181A}.Release|Any CPU.Build.0 = Release|Any CPU
		{A6EB1870-E0C5-4DA0-B55E-E0499F41129C}.Debug|Any CPU.ActiveCfg = Debug
		{A6EB1870-E0C5-4DA0-B55E-E0499F41129C}.Release|Any CPU.ActiveCfg = Release
	EndGlobalSection
	GlobalSection(SolutionProperties) = preSolution
		HideSolutionNode = FALSE
	EndGlobalSection
EndGlobal
